// !$*UTF8*$!
{
	archiveVersion = 1;
	classes = {
	};
	objectVersion = 55;
	objects = {

/* Begin PBXBuildFile section */
		D60F214C27828ADF0037AEF0 /* AppDelegate.swift in Sources */ = {isa = PBXBuildFile; fileRef = D60F214B27828ADF0037AEF0 /* AppDelegate.swift */; };
		D60F214E27828ADF0037AEF0 /* SceneDelegate.swift in Sources */ = {isa = PBXBuildFile; fileRef = D60F214D27828ADF0037AEF0 /* SceneDelegate.swift */; };
		D60F215327828ADF0037AEF0 /* Main.storyboard in Resources */ = {isa = PBXBuildFile; fileRef = D60F215127828ADF0037AEF0 /* Main.storyboard */; };
		D60F215527828AE30037AEF0 /* Assets.xcassets in Resources */ = {isa = PBXBuildFile; fileRef = D60F215427828AE30037AEF0 /* Assets.xcassets */; };
		D60F215827828AE30037AEF0 /* LaunchScreen.storyboard in Resources */ = {isa = PBXBuildFile; fileRef = D60F215627828AE30037AEF0 /* LaunchScreen.storyboard */; };
		D60F2160278290CD0037AEF0 /* WebListTableViewController.swift in Sources */ = {isa = PBXBuildFile; fileRef = D60F215F278290CD0037AEF0 /* WebListTableViewController.swift */; };
		D60F2162278290E70037AEF0 /* WebItemTableViewCell.swift in Sources */ = {isa = PBXBuildFile; fileRef = D60F2161278290E70037AEF0 /* WebItemTableViewCell.swift */; };
		D60F2164278293A50037AEF0 /* webAddress.swift in Sources */ = {isa = PBXBuildFile; fileRef = D60F2163278293A50037AEF0 /* webAddress.swift */; };
		D6D14DC72782C0EF0083F4F4 /* ActivityViewController.swift in Sources */ = {isa = PBXBuildFile; fileRef = D6D14DC62782C0EF0083F4F4 /* ActivityViewController.swift */; };
		D6D14DC92782E8A00083F4F4 /* AlertViewController.swift in Sources */ = {isa = PBXBuildFile; fileRef = D6D14DC82782E8A00083F4F4 /* AlertViewController.swift */; };
		D6D14DCB2783019D0083F4F4 /* 夜曲.mp4 in Resources */ = {isa = PBXBuildFile; fileRef = D6D14DCA2783019D0083F4F4 /* 夜曲.mp4 */; };
		D6D14DCD278301C30083F4F4 /* AVPlayerTestViewController.swift in Sources */ = {isa = PBXBuildFile; fileRef = D6D14DCC278301C30083F4F4 /* AVPlayerTestViewController.swift */; };
		D6D14DD127842A130083F4F4 /* MFComposeViewController.swift in Sources */ = {isa = PBXBuildFile; fileRef = D6D14DD027842A130083F4F4 /* MFComposeViewController.swift */; };
		D6D14DD327843BFA0083F4F4 /* ViewController.swift in Sources */ = {isa = PBXBuildFile; fileRef = D6D14DD227843BFA0083F4F4 /* ViewController.swift */; };
/* End PBXBuildFile section */

/* Begin PBXFileReference section */
		D60F214827828ADF0037AEF0 /* Homework48PresentController.app */ = {isa = PBXFileReference; explicitFileType = wrapper.application; includeInIndex = 0; path = Homework48PresentController.app; sourceTree = BUILT_PRODUCTS_DIR; };
		D60F214B27828ADF0037AEF0 /* AppDelegate.swift */ = {isa = PBXFileReference; lastKnownFileType = sourcecode.swift; path = AppDelegate.swift; sourceTree = "<group>"; };
		D60F214D27828ADF0037AEF0 /* SceneDelegate.swift */ = {isa = PBXFileReference; lastKnownFileType = sourcecode.swift; path = SceneDelegate.swift; sourceTree = "<group>"; };
		D60F215227828ADF0037AEF0 /* Base */ = {isa = PBXFileReference; lastKnownFileType = file.storyboard; name = Base; path = Base.lproj/Main.storyboard; sourceTree = "<group>"; };
		D60F215427828AE30037AEF0 /* Assets.xcassets */ = {isa = PBXFileReference; lastKnownFileType = folder.assetcatalog; path = Assets.xcassets; sourceTree = "<group>"; };
		D60F215727828AE30037AEF0 /* Base */ = {isa = PBXFileReference; lastKnownFileType = file.storyboard; name = Base; path = Base.lproj/LaunchScreen.storyboard; sourceTree = "<group>"; };
		D60F215927828AE30037AEF0 /* Info.plist */ = {isa = PBXFileReference; lastKnownFileType = text.plist.xml; path = Info.plist; sourceTree = "<group>"; };
		D60F215F278290CD0037AEF0 /* WebListTableViewController.swift */ = {isa = PBXFileReference; lastKnownFileType = sourcecode.swift; path = WebListTableViewController.swift; sourceTree = "<group>"; };
		D60F2161278290E70037AEF0 /* WebItemTableViewCell.swift */ = {isa = PBXFileReference; lastKnownFileType = sourcecode.swift; path = WebItemTableViewCell.swift; sourceTree = "<group>"; };
		D60F2163278293A50037AEF0 /* webAddress.swift */ = {isa = PBXFileReference; lastKnownFileType = sourcecode.swift; path = webAddress.swift; sourceTree = "<group>"; };
		D6D14DC62782C0EF0083F4F4 /* ActivityViewController.swift */ = {isa = PBXFileReference; lastKnownFileType = sourcecode.swift; path = ActivityViewController.swift; sourceTree = "<group>"; };
		D6D14DC82782E8A00083F4F4 /* AlertViewController.swift */ = {isa = PBXFileReference; lastKnownFileType = sourcecode.swift; path = AlertViewController.swift; sourceTree = "<group>"; };
		D6D14DCA2783019D0083F4F4 /* 夜曲.mp4 */ = {isa = PBXFileReference; lastKnownFileType = file; path = "夜曲.mp4"; sourceTree = "<group>"; };
		D6D14DCC278301C30083F4F4 /* AVPlayerTestViewController.swift */ = {isa = PBXFileReference; lastKnownFileType = sourcecode.swift; path = AVPlayerTestViewController.swift; sourceTree = "<group>"; };
		D6D14DD027842A130083F4F4 /* MFComposeViewController.swift */ = {isa = PBXFileReference; lastKnownFileType = sourcecode.swift; path = MFComposeViewController.swift; sourceTree = "<group>"; };
		D6D14DD227843BFA0083F4F4 /* ViewController.swift */ = {isa = PBXFileReference; lastKnownFileType = sourcecode.swift; path = ViewController.swift; sourceTree = "<group>"; };
/* End PBXFileReference section */

/* Begin PBXFrameworksBuildPhase section */
		D60F214527828ADF0037AEF0 /* Frameworks */ = {
			isa = PBXFrameworksBuildPhase;
			buildActionMask = 2147483647;
			files = (
			);
			runOnlyForDeploymentPostprocessing = 0;
		};
/* End PBXFrameworksBuildPhase section */

/* Begin PBXGroup section */
		D60F213F27828ADF0037AEF0 = {
			isa = PBXGroup;
			children = (
				D60F214A27828ADF0037AEF0 /* Homework48PresentController */,
				D60F214927828ADF0037AEF0 /* Products */,
			);
			sourceTree = "<group>";
		};
		D60F214927828ADF0037AEF0 /* Products */ = {
			isa = PBXGroup;
			children = (
				D60F214827828ADF0037AEF0 /* Homework48PresentController.app */,
			);
			name = Products;
			sourceTree = "<group>";
		};
		D60F214A27828ADF0037AEF0 /* Homework48PresentController */ = {
			isa = PBXGroup;
			children = (
				D60F214B27828ADF0037AEF0 /* AppDelegate.swift */,
				D60F214D27828ADF0037AEF0 /* SceneDelegate.swift */,
				D60F215127828ADF0037AEF0 /* Main.storyboard */,
				D6D14DD227843BFA0083F4F4 /* ViewController.swift */,
				D6D14DD027842A130083F4F4 /* MFComposeViewController.swift */,
				D6D14DCC278301C30083F4F4 /* AVPlayerTestViewController.swift */,
				D6D14DC82782E8A00083F4F4 /* AlertViewController.swift */,
				D6D14DC62782C0EF0083F4F4 /* ActivityViewController.swift */,
				D6D14DC52782AA970083F4F4 /* SFSafariViewController */,
				D60F215427828AE30037AEF0 /* Assets.xcassets */,
				D60F215627828AE30037AEF0 /* LaunchScreen.storyboard */,
				D60F215927828AE30037AEF0 /* Info.plist */,
				D6D14DCA2783019D0083F4F4 /* 夜曲.mp4 */,
			);
			path = Homework48PresentController;
			sourceTree = "<group>";
		};
		D6D14DC52782AA970083F4F4 /* SFSafariViewController */ = {
			isa = PBXGroup;
			children = (
				D60F2161278290E70037AEF0 /* WebItemTableViewCell.swift */,
				D60F215F278290CD0037AEF0 /* WebListTableViewController.swift */,
				D60F2163278293A50037AEF0 /* webAddress.swift */,
			);
			path = SFSafariViewController;
			sourceTree = "<group>";
		};
/* End PBXGroup section */

/* Begin PBXNativeTarget section */
		D60F214727828ADF0037AEF0 /* Homework48PresentController */ = {
			isa = PBXNativeTarget;
			buildConfigurationList = D60F215C27828AE30037AEF0 /* Build configuration list for PBXNativeTarget "Homework48PresentController" */;
			buildPhases = (
				D60F214427828ADF0037AEF0 /* Sources */,
				D60F214527828ADF0037AEF0 /* Frameworks */,
				D60F214627828ADF0037AEF0 /* Resources */,
			);
			buildRules = (
			);
			dependencies = (
			);
			name = Homework48PresentController;
			productName = Homework48PresentController;
			productReference = D60F214827828ADF0037AEF0 /* Homework48PresentController.app */;
			productType = "com.apple.product-type.application";
		};
/* End PBXNativeTarget section */

/* Begin PBXProject section */
		D60F214027828ADF0037AEF0 /* Project object */ = {
			isa = PBXProject;
			attributes = {
				BuildIndependentTargetsInParallel = 1;
				LastSwiftUpdateCheck = 1320;
				LastUpgradeCheck = 1320;
				TargetAttributes = {
					D60F214727828ADF0037AEF0 = {
						CreatedOnToolsVersion = 13.2;
					};
				};
			};
			buildConfigurationList = D60F214327828ADF0037AEF0 /* Build configuration list for PBXProject "Homework48PresentController" */;
			compatibilityVersion = "Xcode 13.0";
			developmentRegion = en;
			hasScannedForEncodings = 0;
			knownRegions = (
				en,
				Base,
			);
			mainGroup = D60F213F27828ADF0037AEF0;
			productRefGroup = D60F214927828ADF0037AEF0 /* Products */;
			projectDirPath = "";
			projectRoot = "";
			targets = (
				D60F214727828ADF0037AEF0 /* Homework48PresentController */,
			);
		};
/* End PBXProject section */

/* Begin PBXResourcesBuildPhase section */
		D60F214627828ADF0037AEF0 /* Resources */ = {
			isa = PBXResourcesBuildPhase;
			buildActionMask = 2147483647;
			files = (
				D60F215827828AE30037AEF0 /* LaunchScreen.storyboard in Resources */,
				D60F215527828AE30037AEF0 /* Assets.xcassets in Resources */,
				D60F215327828ADF0037AEF0 /* Main.storyboard in Resources */,
				D6D14DCB2783019D0083F4F4 /* 夜曲.mp4 in Resources */,
			);
			runOnlyForDeploymentPostprocessing = 0;
		};
/* End PBXResourcesBuildPhase section */

/* Begin PBXSourcesBuildPhase section */
		D60F214427828ADF0037AEF0 /* Sources */ = {
			isa = PBXSourcesBuildPhase;
			buildActionMask = 2147483647;
			files = (
				D6D14DD327843BFA0083F4F4 /* ViewController.swift in Sources */,
				D60F2164278293A50037AEF0 /* webAddress.swift in Sources */,
				D6D14DC92782E8A00083F4F4 /* AlertViewController.swift in Sources */,
				D6D14DC72782C0EF0083F4F4 /* ActivityViewController.swift in Sources */,
				D60F214C27828ADF0037AEF0 /* AppDelegate.swift in Sources */,
				D6D14DCD278301C30083F4F4 /* AVPlayerTestViewController.swift in Sources */,
				D60F2162278290E70037AEF0 /* WebItemTableViewCell.swift in Sources */,
				D60F214E27828ADF0037AEF0 /* SceneDelegate.swift in Sources */,
				D6D14DD127842A130083F4F4 /* MFComposeViewController.swift in Sources */,
				D60F2160278290CD0037AEF0 /* WebListTableViewController.swift in Sources */,
			);
			runOnlyForDeploymentPostprocessing = 0;
		};
/* End PBXSourcesBuildPhase section */

/* Begin PBXVariantGroup section */
		D60F215127828ADF0037AEF0 /* Main.storyboard */ = {
			isa = PBXVariantGroup;
			children = (
				D60F215227828ADF0037AEF0 /* Base */,
			);
			name = Main.storyboard;
			sourceTree = "<group>";
		};
		D60F215627828AE30037AEF0 /* LaunchScreen.storyboard */ = {
			isa = PBXVariantGroup;
			children = (
				D60F215727828AE30037AEF0 /* Base */,
			);
			name = LaunchScreen.storyboard;
			sourceTree = "<group>";
		};
/* End PBXVariantGroup section */

/* Begin XCBuildConfiguration section */
		D60F215A27828AE30037AEF0 /* Debug */ = {
			isa = XCBuildConfiguration;
			buildSettings = {
				ALWAYS_SEARCH_USER_PATHS = NO;
				CLANG_ANALYZER_NONNULL = YES;
				CLANG_ANALYZER_NUMBER_OBJECT_CONVERSION = YES_AGGRESSIVE;
				CLANG_CXX_LANGUAGE_STANDARD = "gnu++17";
				CLANG_CXX_LIBRARY = "libc++";
				CLANG_ENABLE_MODULES = YES;
				CLANG_ENABLE_OBJC_ARC = YES;
				CLANG_ENABLE_OBJC_WEAK = YES;
				CLANG_WARN_BLOCK_CAPTURE_AUTORELEASING = YES;
				CLANG_WARN_BOOL_CONVERSION = YES;
				CLANG_WARN_COMMA = YES;
				CLANG_WARN_CONSTANT_CONVERSION = YES;
				CLANG_WARN_DEPRECATED_OBJC_IMPLEMENTATIONS = YES;
				CLANG_WARN_DIRECT_OBJC_ISA_USAGE = YES_ERROR;
				CLANG_WARN_DOCUMENTATION_COMMENTS = YES;
				CLANG_WARN_EMPTY_BODY = YES;
				CLANG_WARN_ENUM_CONVERSION = YES;
				CLANG_WARN_INFINITE_RECURSION = YES;
				CLANG_WARN_INT_CONVERSION = YES;
				CLANG_WARN_NON_LITERAL_NULL_CONVERSION = YES;
				CLANG_WARN_OBJC_IMPLICIT_RETAIN_SELF = YES;
				CLANG_WARN_OBJC_LITERAL_CONVERSION = YES;
				CLANG_WARN_OBJC_ROOT_CLASS = YES_ERROR;
				CLANG_WARN_QUOTED_INCLUDE_IN_FRAMEWORK_HEADER = YES;
				CLANG_WARN_RANGE_LOOP_ANALYSIS = YES;
				CLANG_WARN_STRICT_PROTOTYPES = YES;
				CLANG_WARN_SUSPICIOUS_MOVE = YES;
				CLANG_WARN_UNGUARDED_AVAILABILITY = YES_AGGRESSIVE;
				CLANG_WARN_UNREACHABLE_CODE = YES;
				CLANG_WARN__DUPLICATE_METHOD_MATCH = YES;
				COPY_PHASE_STRIP = NO;
				DEBUG_INFORMATION_FORMAT = dwarf;
				ENABLE_STRICT_OBJC_MSGSEND = YES;
				ENABLE_TESTABILITY = YES;
				GCC_C_LANGUAGE_STANDARD = gnu11;
				GCC_DYNAMIC_NO_PIC = NO;
				GCC_NO_COMMON_BLOCKS = YES;
				GCC_OPTIMIZATION_LEVEL = 0;
				GCC_PREPROCESSOR_DEFINITIONS = (
					"DEBUG=1",
					"$(inherited)",
				);
				GCC_WARN_64_TO_32_BIT_CONVERSION = YES;
				GCC_WARN_ABOUT_RETURN_TYPE = YES_ERROR;
				GCC_WARN_UNDECLARED_SELECTOR = YES;
				GCC_WARN_UNINITIALIZED_AUTOS = YES_AGGRESSIVE;
				GCC_WARN_UNUSED_FUNCTION = YES;
				GCC_WARN_UNUSED_VARIABLE = YES;
				IPHONEOS_DEPLOYMENT_TARGET = 15.2;
				MTL_ENABLE_DEBUG_INFO = INCLUDE_SOURCE;
				MTL_FAST_MATH = YES;
				ONLY_ACTIVE_ARCH = YES;
				SDKROOT = iphoneos;
				SWIFT_ACTIVE_COMPILATION_CONDITIONS = DEBUG;
				SWIFT_OPTIMIZATION_LEVEL = "-Onone";
			};
			name = Debug;
		};
		D60F215B27828AE30037AEF0 /* Release */ = {
			isa = XCBuildConfiguration;
			buildSettings = {
				ALWAYS_SEARCH_USER_PATHS = NO;
				CLANG_ANALYZER_NONNULL = YES;
				CLANG_ANALYZER_NUMBER_OBJECT_CONVERSION = YES_AGGRESSIVE;
				CLANG_CXX_LANGUAGE_STANDARD = "gnu++17";
				CLANG_CXX_LIBRARY = "libc++";
				CLANG_ENABLE_MODULES = YES;
				CLANG_ENABLE_OBJC_ARC = YES;
				CLANG_ENABLE_OBJC_WEAK = YES;
				CLANG_WARN_BLOCK_CAPTURE_AUTORELEASING = YES;
				CLANG_WARN_BOOL_CONVERSION = YES;
				CLANG_WARN_COMMA = YES;
				CLANG_WARN_CONSTANT_CONVERSION = YES;
				CLANG_WARN_DEPRECATED_OBJC_IMPLEMENTATIONS = YES;
				CLANG_WARN_DIRECT_OBJC_ISA_USAGE = YES_ERROR;
				CLANG_WARN_DOCUMENTATION_COMMENTS = YES;
				CLANG_WARN_EMPTY_BODY = YES;
				CLANG_WARN_ENUM_CONVERSION = YES;
				CLANG_WARN_INFINITE_RECURSION = YES;
				CLANG_WARN_INT_CONVERSION = YES;
				CLANG_WARN_NON_LITERAL_NULL_CONVERSION = YES;
				CLANG_WARN_OBJC_IMPLICIT_RETAIN_SELF = YES;
				CLANG_WARN_OBJC_LITERAL_CONVERSION = YES;
				CLANG_WARN_OBJC_ROOT_CLASS = YES_ERROR;
				CLANG_WARN_QUOTED_INCLUDE_IN_FRAMEWORK_HEADER = YES;
				CLANG_WARN_RANGE_LOOP_ANALYSIS = YES;
				CLANG_WARN_STRICT_PROTOTYPES = YES;
				CLANG_WARN_SUSPICIOUS_MOVE = YES;
				CLANG_WARN_UNGUARDED_AVAILABILITY = YES_AGGRESSIVE;
				CLANG_WARN_UNREACHABLE_CODE = YES;
				CLANG_WARN__DUPLICATE_METHOD_MATCH = YES;
				COPY_PHASE_STRIP = NO;
				DEBUG_INFORMATION_FORMAT = "dwarf-with-dsym";
				ENABLE_NS_ASSERTIONS = NO;
				ENABLE_STRICT_OBJC_MSGSEND = YES;
				GCC_C_LANGUAGE_STANDARD = gnu11;
				GCC_NO_COMMON_BLOCKS = YES;
				GCC_WARN_64_TO_32_BIT_CONVERSION = YES;
				GCC_WARN_ABOUT_RETURN_TYPE = YES_ERROR;
				GCC_WARN_UNDECLARED_SELECTOR = YES;
				GCC_WARN_UNINITIALIZED_AUTOS = YES_AGGRESSIVE;
				GCC_WARN_UNUSED_FUNCTION = YES;
				GCC_WARN_UNUSED_VARIABLE = YES;
				IPHONEOS_DEPLOYMENT_TARGET = 15.2;
				MTL_ENABLE_DEBUG_INFO = NO;
				MTL_FAST_MATH = YES;
				SDKROOT = iphoneos;
				SWIFT_COMPILATION_MODE = wholemodule;
				SWIFT_OPTIMIZATION_LEVEL = "-O";
				VALIDATE_PRODUCT = YES;
			};
			name = Release;
		};
		D60F215D27828AE30037AEF0 /* Debug */ = {
			isa = XCBuildConfiguration;
			buildSettings = {
				ASSETCATALOG_COMPILER_APPICON_NAME = AppIcon;
				ASSETCATALOG_COMPILER_GLOBAL_ACCENT_COLOR_NAME = AccentColor;
				CODE_SIGN_STYLE = Automatic;
				CURRENT_PROJECT_VERSION = 1;
				DEVELOPMENT_TEAM = F25SU568R8;
				GENERATE_INFOPLIST_FILE = YES;
				INFOPLIST_FILE = Homework48PresentController/Info.plist;
				INFOPLIST_KEY_UIApplicationSupportsIndirectInputEvents = YES;
				INFOPLIST_KEY_UILaunchStoryboardName = LaunchScreen;
				INFOPLIST_KEY_UIMainStoryboardFile = Main;
				INFOPLIST_KEY_UISupportedInterfaceOrientations_iPad = "UIInterfaceOrientationPortrait UIInterfaceOrientationPortraitUpsideDown UIInterfaceOrientationLandscapeLeft UIInterfaceOrientationLandscapeRight";
				INFOPLIST_KEY_UISupportedInterfaceOrientations_iPhone = "UIInterfaceOrientationPortrait UIInterfaceOrientationLandscapeLeft UIInterfaceOrientationLandscapeRight";
				LD_RUNPATH_SEARCH_PATHS = (
					"$(inherited)",
					"@executable_path/Frameworks",
				);
				MARKETING_VERSION = 1.0;
				PRODUCT_BUNDLE_IDENTIFIER = learnIOS.Homework48PresentController;
				PRODUCT_NAME = "$(TARGET_NAME)";
				SWIFT_EMIT_LOC_STRINGS = YES;
				SWIFT_VERSION = 5.0;
				TARGETED_DEVICE_FAMILY = "1,2";
			};
			name = Debug;
		};
		D60F215E27828AE30037AEF0 /* Release */ = {
			isa = XCBuildConfiguration;
			buildSettings = {
				ASSETCATALOG_COMPILER_APPICON_NAME = AppIcon;
				ASSETCATALOG_COMPILER_GLOBAL_ACCENT_COLOR_NAME = AccentColor;
				CODE_SIGN_STYLE = Automatic;
				CURRENT_PROJECT_VERSION = 1;
				DEVELOPMENT_TEAM = F25SU568R8;
				GENERATE_INFOPLIST_FILE = YES;
				INFOPLIST_FILE = Homework48PresentController/Info.plist;
				INFOPLIST_KEY_UIApplicationSupportsIndirectInputEvents = YES;
				INFOPLIST_KEY_UILaunchStoryboardName = LaunchScreen;
				INFOPLIST_KEY_UIMainStoryboardFile = Main;
				INFOPLIST_KEY_UISupportedInterfaceOrientations_iPad = "UIInterfaceOrientationPortrait UIInterfaceOrientationPortraitUpsideDown UIInterfaceOrientationLandscapeLeft UIInterfaceOrientationLandscapeRight";
				INFOPLIST_KEY_UISupportedInterfaceOrientations_iPhone = "UIInterfaceOrientationPortrait UIInterfaceOrientationLandscapeLeft UIInterfaceOrientationLandscapeRight";
				LD_RUNPATH_SEARCH_PATHS = (
					"$(inherited)",
					"@executable_path/Frameworks",
				);
				MARKETING_VERSION = 1.0;
				PRODUCT_BUNDLE_IDENTIFIER = learnIOS.Homework48PresentController;
				PRODUCT_NAME = "$(TARGET_NAME)";
				SWIFT_EMIT_LOC_STRINGS = YES;
				SWIFT_VERSION = 5.0;
				TARGETED_DEVICE_FAMILY = "1,2";
			};
			name = Release;
		};
/* End XCBuildConfiguration section */

/* Begin XCConfigurationList section */
		D60F214327828ADF0037AEF0 /* Build configuration list for PBXProject "Homework48PresentController" */ = {
			isa = XCConfigurationList;
			buildConfigurations = (
				D60F215A27828AE30037AEF0 /* Debug */,
				D60F215B27828AE30037AEF0 /* Release */,
			);
			defaultConfigurationIsVisible = 0;
			defaultConfigurationName = Release;
		};
		D60F215C27828AE30037AEF0 /* Build configuration list for PBXNativeTarget "Homework48PresentController" */ = {
			isa = XCConfigurationList;
			buildConfigurations = (
				D60F215D27828AE30037AEF0 /* Debug */,
				D60F215E27828AE30037AEF0 /* Release */,
			);
			defaultConfigurationIsVisible = 0;
			defaultConfigurationName = Release;
		};
/* End XCConfigurationList section */
	};
	rootObject = D60F214027828ADF0037AEF0 /* Project object */;
}
